{
  "name": "voluntariness",
  "version": "1.0.0",
  "lockfileVersion": 3,
  "requires": true,
  "packages": {
    "": {
      "name": "voluntariness",
      "version": "1.0.0",
      "license": "ISC",
      "dependencies": {
        "@rails/request.js": "^0.0.11",
        "@stimulus-components/sortable": "^5.0.2",
        "chart.js": "^4.4.8",
        "chartkick": "^5.0.1",
        "sortablejs": "^1.15.6"
      },
      "devDependencies": {}
    },
    "node_modules/@hotwired/stimulus": {
      "version": "3.2.2",
      "resolved": "https://registry.npmjs.org/@hotwired/stimulus/-/stimulus-3.2.2.tgz",
      "integrity": "sha512-eGeIqNOQpXoPAIP7tC1+1Yc1yl1xnwYqg+3mzqxyrbE5pg5YFBZcA6YoTiByJB6DKAEsiWtl6tjTJS4IYtbB7A==",
      "license": "MIT",
      "peer": true
    },
    "node_modules/@kurkle/color": {
      "version": "0.3.4",
      "resolved": "https://registry.npmjs.org/@kurkle/color/-/color-0.3.4.tgz",
      "integrity": "sha512-M5UknZPHRu3DEDWoipU6sE8PdkZ6Z/S+v4dD+Ke8IaNlpdSQah50lz1KtcFBa2vsdOnwbbnxJwVM4wty6udA5w==",
      "license": "MIT"
    },
    "node_modules/@rails/request.js": {
      "version": "0.0.11",
      "resolved": "https://registry.npmjs.org/@rails/request.js/-/request.js-0.0.11.tgz",
      "integrity": "sha512-2U3uYS0kbljt+pAstN+LIlZOl7xmOKig5N6FrvtUWO1wq0zR1Hf90fHfD2SYiyV8yH1nyKpoTmbLqWT0xe1zDg==",
      "license": "MIT"
    },
    "node_modules/@stimulus-components/sortable": {
      "version": "5.0.2",
      "resolved": "https://registry.npmjs.org/@stimulus-components/sortable/-/sortable-5.0.2.tgz",
      "integrity": "sha512-7A8W/sBEkwA1x+ZU/iYgf2FLLtHvpKLQR3c2FABpovYyVq+I7gFxnKkv/qnX4Fh24d0MyWj/krpGY1pPvCXEZw==",
      "license": "MIT",
      "peerDependencies": {
        "@hotwired/stimulus": "^3",
        "@rails/request.js": "~0.0.8",
        "sortablejs": "^1.15.0"
      }
    },
    "node_modules/chart.js": {
      "version": "4.4.8",
      "resolved": "https://registry.npmjs.org/chart.js/-/chart.js-4.4.8.tgz",
      "integrity": "sha512-IkGZlVpXP+83QpMm4uxEiGqSI7jFizwVtF3+n5Pc3k7sMO+tkd0qxh2OzLhenM0K80xtmAONWGBn082EiBQSDA==",
      "license": "MIT",
      "dependencies": {
        "@kurkle/color": "^0.3.0"
      },
      "engines": {
        "pnpm": ">=8"
      }
    },
    "node_modules/chartjs-adapter-date-fns": {
      "version": "3.0.0",
      "resolved": "https://registry.npmjs.org/chartjs-adapter-date-fns/-/chartjs-adapter-date-fns-3.0.0.tgz",
      "integrity": "sha512-Rs3iEB3Q5pJ973J93OBTpnP7qoGwvq3nUnoMdtxO+9aoJof7UFcRbWcIDteXuYd1fgAvct/32T9qaLyLuZVwCg==",
      "license": "MIT",
      "optional": true,
      "peerDependencies": {
        "chart.js": ">=2.8.0",
        "date-fns": ">=2.0.0"
      }
    },
    "node_modules/chartkick": {
      "version": "5.0.1",
      "resolved": "https://registry.npmjs.org/chartkick/-/chartkick-5.0.1.tgz",
      "integrity": "sha512-4F3tWI3eBQgnjCYZIZ+fHOaJuNyxeyhDE2Tm+voOWB19hDjSJceys/spzN52DOn8bWepNESGXvPVTGU1jeFsbA==",
      "license": "MIT",
      "optionalDependencies": {
        "chart.js": "4",
        "chartjs-adapter-date-fns": ">=3",
        "date-fns": ">=2"
      }
    },
    "node_modules/date-fns": {
      "version": "4.1.0",
      "resolved": "https://registry.npmjs.org/date-fns/-/date-fns-4.1.0.tgz",
      "integrity": "sha512-Ukq0owbQXxa/U3EGtsdVBkR1w7KOQ5gIBqdH2hkvknzZPYvBxb/aa6E8L7tmjFtkwZBu3UXBbjIgPo/Ez4xaNg==",
      "license": "MIT",
      "optional": true,
      "funding": {
        "type": "github",
        "url": "https://github.com/sponsors/kossnocorp"
      }
    },
    "node_modules/sortablejs": {
      "version": "1.15.6",
      "resolved": "https://registry.npmjs.org/sortablejs/-/sortablejs-1.15.6.tgz",
      "integrity": "sha512-aNfiuwMEpfBM/CN6LY0ibyhxPfPbyFeBTYJKCvzkJ2GkUpazIt3H+QIPAMHwqQ7tMKaHz1Qj+rJJCqljnf4p3A==",
      "license": "MIT"
    }
  }
}
